
Microsoft Visual Studio Solution File, Format Version 12.00
# Visual Studio Version 17
VisualStudioVersion = 17.4.33103.184
MinimumVisualStudioVersion = 10.0.40219.1
Project("{FAE04EC0-301F-11D3-BF4B-00C04F79EFBC}") = "Gbx2Obj", "Gbx2Obj\Gbx2Obj.csproj", "{6901807F-84A4-403C-BC4D-6D8D2D7DB8F3}"
EndProject
Global
	GlobalSection(SolutionConfigurationPlatforms) = preSolution
		Debug|Any CPU = Debug|Any CPU
		Release|Any CPU = Release|Any CPU
	EndGlobalSection
	GlobalSection(ProjectConfigurationPlatforms) = postSolution
		{6901807F-84A4-403C-BC4D-6D8D2D7DB8F3}.Debug|Any CPU.ActiveCfg = Debug|Any CPU
		{6901807F-84A4-403C-BC4D-6D8D2D7DB8F3}.Debug|Any CPU.Build.0 = Debug|Any CPU
		{6901807F-84A4-403C-BC4D-6D8D2D7DB8F3}.Release|Any CPU.ActiveCfg = Release|Any CPU
		{6901807F-84A4-403C-BC4D-6D8D2D7DB8F3}.Release|Any CPU.Build.0 = Release|Any CPU
	EndGlobalSection
	GlobalSection(SolutionProperties) = preSolution
		HideSolutionNode = FALSE
	EndGlobalSection
	GlobalSection(ExtensibilityGlobals) = postSolution
		SolutionGuid = {73ACC34B-E588-4651-96A8-1C25D8751E35}
	EndGlobalSection
EndGlobal
